Microsoft Visual Studio Solution File, Format Version 12.00
# Visual Studio Version 17
VisualStudioVersion = 17.5.2.0
MinimumVisualStudioVersion = 10.0.40219.1
Project("{FAE04EC0-301F-11D3-BF4B-00C04F79EFBC}") = "DuoAudio", "DuoAudio\DuoAudio.csproj", "{FE34BEB3-0972-4149-CD9B-D1B14D46B1F6}"
EndProject
Global
	GlobalSection(SolutionConfigurationPlatforms) = preSolution
		Debug|Any CPU = Debug|Any CPU
		Release|Any CPU = Release|Any CPU
	EndGlobalSection
	GlobalSection(ProjectConfigurationPlatforms) = postSolution
		{FE34BEB3-0972-4149-CD9B-D1B14D46B1F6}.Debug|Any CPU.ActiveCfg = Debug|Any CPU
		{FE34BEB3-0972-4149-CD9B-D1B14D46B1F6}.Debug|Any CPU.Build.0 = Debug|Any CPU
		{FE34BEB3-0972-4149-CD9B-D1B14D46B1F6}.Release|Any CPU.ActiveCfg = Release|Any CPU
		{FE34BEB3-0972-4149-CD9B-D1B14D46B1F6}.Release|Any CPU.Build.0 = Release|Any CPU
	EndGlobalSection
	GlobalSection(SolutionProperties) = preSolution
		HideSolutionNode = FALSE
	EndGlobalSection
	GlobalSection(ExtensibilityGlobals) = postSolution
		SolutionGuid = {73F7D8FC-BB5D-4D6E-B2BD-56EDD0C1496D}
	EndGlobalSection
EndGlobal
